// !$*UTF8*$!
{
	archiveVersion = 1;
	classes = {};
	objectVersion = 60;
	objects = {

/* Begin PBXBuildFile section */
		A10000000000000000000001 /* LikedSongsMobileApp.swift in Sources */ = {isa = PBXBuildFile; fileRef = A20000000000000000000001 /* LikedSongsMobileApp.swift */; };
		A10000000000000000000002 /* MusicModels.swift in Sources */ = {isa = PBXBuildFile; fileRef = A20000000000000000000002 /* MusicModels.swift */; };
		A10000000000000000000003 /* MusicLibrary.swift in Sources */ = {isa = PBXBuildFile; fileRef = A20000000000000000000003 /* MusicLibrary.swift */; };
		A10000000000000000000004 /* RootView.swift in Sources */ = {isa = PBXBuildFile; fileRef = A20000000000000000000004 /* RootView.swift */; };
		A10000000000000000000005 /* Assets.xcassets in Resources */ = {isa = PBXBuildFile; fileRef = A20000000000000000000007 /* Assets.xcassets */; };
		A10000000000000000000006 /* MobileLocalImportCore.swift in Sources */ = {isa = PBXBuildFile; fileRef = A20000000000000000000008 /* MobileLocalImportCore.swift */; };
		A10000000000000000000007 /* MobileLocalImportService.swift in Sources */ = {isa = PBXBuildFile; fileRef = A20000000000000000000009 /* MobileLocalImportService.swift */; };
		A10000000000000000000009 /* MobileLocalImportSoundCloud.swift in Sources */ = {isa = PBXBuildFile; fileRef = A2000000000000000000000B /* MobileLocalImportSoundCloud.swift */; };
		A1000000000000000000000A /* MobileLocalImportSearch.swift in Sources */ = {isa = PBXBuildFile; fileRef = A2000000000000000000000C /* MobileLocalImportSearch.swift */; };
		A10000000000000000000008 /* MobileToolsView.swift in Sources */ = {isa = PBXBuildFile; fileRef = A2000000000000000000000A /* MobileToolsView.swift */; };
		A1000000000000000000000B /* MobileClientConfiguration.swift in Sources */ = {isa = PBXBuildFile; fileRef = A2000000000000000000000D /* MobileClientConfiguration.swift */; };
		A1000000000000000000000C /* MobileAuthenticatedStream.swift in Sources */ = {isa = PBXBuildFile; fileRef = A2000000000000000000000E /* MobileAuthenticatedStream.swift */; };
		B10000000000000000000001 /* MobileMissingServerUploadPolicyTests.swift in Sources */ = {isa = PBXBuildFile; fileRef = B20000000000000000000001 /* MobileMissingServerUploadPolicyTests.swift */; };
		B10000000000000000000002 /* MobileClientConfigurationTests.swift in Sources */ = {isa = PBXBuildFile; fileRef = B20000000000000000000003 /* MobileClientConfigurationTests.swift */; };
/* End PBXBuildFile section */

/* Begin PBXContainerItemProxy section */
		B70000000000000000000001 /* PBXContainerItemProxy */ = {
			isa = PBXContainerItemProxy;
			containerPortal = A70000000000000000000001 /* Project object */;
			proxyType = 1;
			remoteGlobalIDString = A50000000000000000000001;
			remoteInfo = LikedSongsMobile;
		};
/* End PBXContainerItemProxy section */

/* Begin PBXFileReference section */
		A20000000000000000000001 /* LikedSongsMobileApp.swift */ = {isa = PBXFileReference; lastKnownFileType = sourcecode.swift; path = LikedSongsMobileApp.swift; sourceTree = "<group>"; };
		A20000000000000000000002 /* MusicModels.swift */ = {isa = PBXFileReference; lastKnownFileType = sourcecode.swift; path = MusicModels.swift; sourceTree = "<group>"; };
		A20000000000000000000003 /* MusicLibrary.swift */ = {isa = PBXFileReference; lastKnownFileType = sourcecode.swift; path = MusicLibrary.swift; sourceTree = "<group>"; };
		A20000000000000000000004 /* RootView.swift */ = {isa = PBXFileReference; lastKnownFileType = sourcecode.swift; path = RootView.swift; sourceTree = "<group>"; };
		A20000000000000000000005 /* Info.plist */ = {isa = PBXFileReference; lastKnownFileType = text.plist.xml; path = Info.plist; sourceTree = "<group>"; };
		A20000000000000000000006 /* Resonance.app */ = {isa = PBXFileReference; explicitFileType = wrapper.application; includeInIndex = 0; path = Resonance.app; sourceTree = BUILT_PRODUCTS_DIR; };
		A20000000000000000000007 /* Assets.xcassets */ = {isa = PBXFileReference; lastKnownFileType = folder.assetcatalog; path = Assets.xcassets; sourceTree = "<group>"; };
		A20000000000000000000008 /* MobileLocalImportCore.swift */ = {isa = PBXFileReference; lastKnownFileType = sourcecode.swift; path = MobileLocalImportCore.swift; sourceTree = "<group>"; };
		A20000000000000000000009 /* MobileLocalImportService.swift */ = {isa = PBXFileReference; lastKnownFileType = sourcecode.swift; path = MobileLocalImportService.swift; sourceTree = "<group>"; };
		A2000000000000000000000B /* MobileLocalImportSoundCloud.swift */ = {isa = PBXFileReference; lastKnownFileType = sourcecode.swift; path = MobileLocalImportSoundCloud.swift; sourceTree = "<group>"; };
		A2000000000000000000000C /* MobileLocalImportSearch.swift */ = {isa = PBXFileReference; lastKnownFileType = sourcecode.swift; path = MobileLocalImportSearch.swift; sourceTree = "<group>"; };
		A2000000000000000000000A /* MobileToolsView.swift */ = {isa = PBXFileReference; lastKnownFileType = sourcecode.swift; path = MobileToolsView.swift; sourceTree = "<group>"; };
		A2000000000000000000000D /* MobileClientConfiguration.swift */ = {isa = PBXFileReference; lastKnownFileType = sourcecode.swift; path = MobileClientConfiguration.swift; sourceTree = "<group>"; };
		A2000000000000000000000E /* MobileAuthenticatedStream.swift */ = {isa = PBXFileReference; lastKnownFileType = sourcecode.swift; path = MobileAuthenticatedStream.swift; sourceTree = "<group>"; };
		B20000000000000000000001 /* MobileMissingServerUploadPolicyTests.swift */ = {isa = PBXFileReference; lastKnownFileType = sourcecode.swift; path = MobileMissingServerUploadPolicyTests.swift; sourceTree = "<group>"; };
		B20000000000000000000002 /* ResonanceTests.xctest */ = {isa = PBXFileReference; explicitFileType = wrapper.cfbundle; includeInIndex = 0; path = ResonanceTests.xctest; sourceTree = BUILT_PRODUCTS_DIR; };
		B20000000000000000000003 /* MobileClientConfigurationTests.swift */ = {isa = PBXFileReference; lastKnownFileType = sourcecode.swift; path = MobileClientConfigurationTests.swift; sourceTree = "<group>"; };
/* End PBXFileReference section */

/* Begin PBXFrameworksBuildPhase section */
		A30000000000000000000001 /* Frameworks */ = {isa = PBXFrameworksBuildPhase; buildActionMask = 2147483647; files = (); runOnlyForDeploymentPostprocessing = 0; };
		B30000000000000000000001 /* Frameworks */ = {isa = PBXFrameworksBuildPhase; buildActionMask = 2147483647; files = (); runOnlyForDeploymentPostprocessing = 0; };
/* End PBXFrameworksBuildPhase section */

/* Begin PBXGroup section */
		A40000000000000000000001 = {
			isa = PBXGroup;
			children = (
				A40000000000000000000002 /* LikedSongsMobile */,
				B40000000000000000000001 /* Tests */,
				A40000000000000000000003 /* Products */,
			);
			sourceTree = "<group>";
		};
		A40000000000000000000002 /* LikedSongsMobile */ = {
			isa = PBXGroup;
			children = (
				A20000000000000000000001 /* LikedSongsMobileApp.swift */,
				A20000000000000000000002 /* MusicModels.swift */,
				A20000000000000000000003 /* MusicLibrary.swift */,
				A20000000000000000000004 /* RootView.swift */,
				A20000000000000000000008 /* MobileLocalImportCore.swift */,
				A20000000000000000000009 /* MobileLocalImportService.swift */,
				A2000000000000000000000B /* MobileLocalImportSoundCloud.swift */,
				A2000000000000000000000C /* MobileLocalImportSearch.swift */,
				A2000000000000000000000A /* MobileToolsView.swift */,
				A2000000000000000000000D /* MobileClientConfiguration.swift */,
				A2000000000000000000000E /* MobileAuthenticatedStream.swift */,
				A20000000000000000000005 /* Info.plist */,
				A20000000000000000000007 /* Assets.xcassets */,
			);
			path = LikedSongsMobile;
			sourceTree = "<group>";
		};
		A40000000000000000000003 /* Products */ = {
			isa = PBXGroup;
			children = (
				A20000000000000000000006 /* Resonance.app */,
				B20000000000000000000002 /* ResonanceTests.xctest */,
			);
			name = Products;
			sourceTree = "<group>";
		};
		B40000000000000000000001 /* Tests */ = {
			isa = PBXGroup;
			children = (
				B20000000000000000000001 /* MobileMissingServerUploadPolicyTests.swift */,
				B20000000000000000000003 /* MobileClientConfigurationTests.swift */,
			);
			path = Tests;
			sourceTree = "<group>";
		};
/* End PBXGroup section */

/* Begin PBXNativeTarget section */
		A50000000000000000000001 /* LikedSongsMobile */ = {
			isa = PBXNativeTarget;
			buildConfigurationList = A90000000000000000000002 /* Build configuration list for PBXNativeTarget */;
			buildPhases = (
				A60000000000000000000001 /* Sources */,
				A30000000000000000000001 /* Frameworks */,
				A60000000000000000000002 /* Resources */,
			);
			buildRules = ();
			dependencies = ();
			name = LikedSongsMobile;
			productName = LikedSongsMobile;
			productReference = A20000000000000000000006 /* Resonance.app */;
			productType = "com.apple.product-type.application";
		};
		B50000000000000000000001 /* LikedSongsMobileTests */ = {
			isa = PBXNativeTarget;
			buildConfigurationList = B90000000000000000000001 /* Build configuration list for PBXNativeTarget "LikedSongsMobileTests" */;
			buildPhases = (
				B60000000000000000000001 /* Sources */,
				B30000000000000000000001 /* Frameworks */,
			);
			buildRules = ();
			dependencies = (
				B70000000000000000000002 /* PBXTargetDependency */,
			);
			name = LikedSongsMobileTests;
			productName = ResonanceTests;
			productReference = B20000000000000000000002 /* ResonanceTests.xctest */;
			productType = "com.apple.product-type.bundle.unit-test";
		};
/* End PBXNativeTarget section */

/* Begin PBXProject section */
		A70000000000000000000001 /* Project object */ = {
			isa = PBXProject;
			attributes = {
				BuildIndependentTargetsInParallel = 1;
				LastSwiftUpdateCheck = 1600;
				LastUpgradeCheck = 1600;
				TargetAttributes = {
					A50000000000000000000001 = { CreatedOnToolsVersion = 16.0; };
					B50000000000000000000001 = { CreatedOnToolsVersion = 16.0; TestTargetID = A50000000000000000000001; };
				};
			};
			buildConfigurationList = A90000000000000000000001 /* Build configuration list for PBXProject */;
			compatibilityVersion = "Xcode 15.0";
			developmentRegion = en;
			hasScannedForEncodings = 0;
			knownRegions = (en, Base);
			mainGroup = A40000000000000000000001;
			productRefGroup = A40000000000000000000003 /* Products */;
			projectDirPath = "";
			projectRoot = "";
			targets = (
				A50000000000000000000001 /* LikedSongsMobile */,
				B50000000000000000000001 /* LikedSongsMobileTests */,
			);
		};
/* End PBXProject section */

/* Begin PBXResourcesBuildPhase section */
		A60000000000000000000002 /* Resources */ = {isa = PBXResourcesBuildPhase; buildActionMask = 2147483647; files = (A10000000000000000000005 /* Assets.xcassets in Resources */,); runOnlyForDeploymentPostprocessing = 0; };
/* End PBXResourcesBuildPhase section */

/* Begin PBXSourcesBuildPhase section */
		A60000000000000000000001 /* Sources */ = {
			isa = PBXSourcesBuildPhase;
			buildActionMask = 2147483647;
			files = (
				A10000000000000000000001 /* LikedSongsMobileApp.swift in Sources */,
				A10000000000000000000002 /* MusicModels.swift in Sources */,
				A10000000000000000000003 /* MusicLibrary.swift in Sources */,
				A10000000000000000000004 /* RootView.swift in Sources */,
				A10000000000000000000006 /* MobileLocalImportCore.swift in Sources */,
				A10000000000000000000007 /* MobileLocalImportService.swift in Sources */,
				A10000000000000000000009 /* MobileLocalImportSoundCloud.swift in Sources */,
				A1000000000000000000000A /* MobileLocalImportSearch.swift in Sources */,
				A10000000000000000000008 /* MobileToolsView.swift in Sources */,
				A1000000000000000000000B /* MobileClientConfiguration.swift in Sources */,
				A1000000000000000000000C /* MobileAuthenticatedStream.swift in Sources */,
			);
			runOnlyForDeploymentPostprocessing = 0;
		};
		B60000000000000000000001 /* Sources */ = {
			isa = PBXSourcesBuildPhase;
			buildActionMask = 2147483647;
			files = (
				B10000000000000000000001 /* MobileMissingServerUploadPolicyTests.swift in Sources */,
				B10000000000000000000002 /* MobileClientConfigurationTests.swift in Sources */,
			);
			runOnlyForDeploymentPostprocessing = 0;
		};
/* End PBXSourcesBuildPhase section */

/* Begin PBXTargetDependency section */
		B70000000000000000000002 /* PBXTargetDependency */ = {
			isa = PBXTargetDependency;
			target = A50000000000000000000001 /* LikedSongsMobile */;
			targetProxy = B70000000000000000000001 /* PBXContainerItemProxy */;
		};
/* End PBXTargetDependency section */

/* Begin XCBuildConfiguration section */
		A80000000000000000000001 /* Debug */ = {isa = XCBuildConfiguration; buildSettings = {CLANG_ENABLE_MODULES = YES; DEBUG_INFORMATION_FORMAT = dwarf; ENABLE_TESTABILITY = YES; GCC_OPTIMIZATION_LEVEL = 0; IPHONEOS_DEPLOYMENT_TARGET = 17.0; ONLY_ACTIVE_ARCH = YES; SDKROOT = iphoneos; SWIFT_ACTIVE_COMPILATION_CONDITIONS = DEBUG; SWIFT_OPTIMIZATION_LEVEL = "-Onone"; }; name = Debug; };
		A80000000000000000000002 /* Release */ = {isa = XCBuildConfiguration; buildSettings = {CLANG_ENABLE_MODULES = YES; DEBUG_INFORMATION_FORMAT = "dwarf-with-dsym"; IPHONEOS_DEPLOYMENT_TARGET = 17.0; SDKROOT = iphoneos; SWIFT_COMPILATION_MODE = wholemodule; SWIFT_OPTIMIZATION_LEVEL = "-O"; VALIDATE_PRODUCT = YES; }; name = Release; };
		A80000000000000000000003 /* Debug */ = {isa = XCBuildConfiguration; buildSettings = {ASSETCATALOG_COMPILER_APPICON_NAME = AppIcon; ASSETCATALOG_COMPILER_GLOBAL_ACCENT_COLOR_NAME = AccentColor; CODE_SIGN_STYLE = Automatic; CURRENT_PROJECT_VERSION = 15; DEVELOPMENT_TEAM = ""; GENERATE_INFOPLIST_FILE = NO; INFOPLIST_FILE = LikedSongsMobile/Info.plist; IPHONEOS_DEPLOYMENT_TARGET = 17.0; MARKETING_VERSION = 1.1.4; PRODUCT_BUNDLE_IDENTIFIER = com.gavindietrich.LikedSongsMobile; PRODUCT_NAME = Resonance; SWIFT_EMIT_LOC_STRINGS = YES; SWIFT_VERSION = 5.0; TARGETED_DEVICE_FAMILY = "1,2"; }; name = Debug; };
		A80000000000000000000004 /* Release */ = {isa = XCBuildConfiguration; buildSettings = {ASSETCATALOG_COMPILER_APPICON_NAME = AppIcon; ASSETCATALOG_COMPILER_GLOBAL_ACCENT_COLOR_NAME = AccentColor; CODE_SIGN_STYLE = Automatic; CURRENT_PROJECT_VERSION = 15; DEVELOPMENT_TEAM = ""; GENERATE_INFOPLIST_FILE = NO; INFOPLIST_FILE = LikedSongsMobile/Info.plist; IPHONEOS_DEPLOYMENT_TARGET = 17.0; MARKETING_VERSION = 1.1.4; PRODUCT_BUNDLE_IDENTIFIER = com.gavindietrich.LikedSongsMobile; PRODUCT_NAME = Resonance; SWIFT_EMIT_LOC_STRINGS = YES; SWIFT_VERSION = 5.0; TARGETED_DEVICE_FAMILY = "1,2"; }; name = Release; };
		B80000000000000000000001 /* Debug */ = {isa = XCBuildConfiguration; buildSettings = {BUNDLE_LOADER = "$(TEST_HOST)"; CODE_SIGN_STYLE = Automatic; DEVELOPMENT_TEAM = ""; GENERATE_INFOPLIST_FILE = YES; IPHONEOS_DEPLOYMENT_TARGET = 17.0; PRODUCT_BUNDLE_IDENTIFIER = com.gavindietrich.LikedSongsMobileTests; PRODUCT_NAME = ResonanceTests; SWIFT_VERSION = 5.0; TARGETED_DEVICE_FAMILY = "1,2"; TEST_HOST = "$(BUILT_PRODUCTS_DIR)/Resonance.app/Resonance"; }; name = Debug; };
		B80000000000000000000002 /* Release */ = {isa = XCBuildConfiguration; buildSettings = {BUNDLE_LOADER = "$(TEST_HOST)"; CODE_SIGN_STYLE = Automatic; DEVELOPMENT_TEAM = ""; GENERATE_INFOPLIST_FILE = YES; IPHONEOS_DEPLOYMENT_TARGET = 17.0; PRODUCT_BUNDLE_IDENTIFIER = com.gavindietrich.LikedSongsMobileTests; PRODUCT_NAME = ResonanceTests; SWIFT_VERSION = 5.0; TARGETED_DEVICE_FAMILY = "1,2"; TEST_HOST = "$(BUILT_PRODUCTS_DIR)/Resonance.app/Resonance"; }; name = Release; };
/* End XCBuildConfiguration section */

/* Begin XCConfigurationList section */
		A90000000000000000000001 /* Build configuration list for PBXProject */ = {isa = XCConfigurationList; buildConfigurations = (A80000000000000000000001 /* Debug */, A80000000000000000000002 /* Release */); defaultConfigurationIsVisible = 0; defaultConfigurationName = Release; };
		A90000000000000000000002 /* Build configuration list for PBXNativeTarget */ = {isa = XCConfigurationList; buildConfigurations = (A80000000000000000000003 /* Debug */, A80000000000000000000004 /* Release */); defaultConfigurationIsVisible = 0; defaultConfigurationName = Release; };
		B90000000000000000000001 /* Build configuration list for PBXNativeTarget "LikedSongsMobileTests" */ = {isa = XCConfigurationList; buildConfigurations = (B80000000000000000000001 /* Debug */, B80000000000000000000002 /* Release */); defaultConfigurationIsVisible = 0; defaultConfigurationName = Release; };
/* End XCConfigurationList section */
	};
	rootObject = A70000000000000000000001 /* Project object */;
}
